// !$*UTF8*$!
{
	archiveVersion = 1;
	classes = {
	};
	objectVersion = 46;
	objects = {

/* Begin PBXBuildFile section */
		418C44F51AF49EEC00A398AD /* main.m in Sources */ = {isa = PBXBuildFile; fileRef = 418C44F41AF49EEC00A398AD /* main.m */; };
		418C44F81AF49EEC00A398AD /* AppDelegate.m in Sources */ = {isa = PBXBuildFile; fileRef = 418C44F71AF49EEC00A398AD /* AppDelegate.m */; };
		418C44FB1AF49EEC00A398AD /* ViewController.m in Sources */ = {isa = PBXBuildFile; fileRef = 418C44FA1AF49EEC00A398AD /* ViewController.m */; };
		418C44FE1AF49EEC00A398AD /* Main.storyboard in Resources */ = {isa = PBXBuildFile; fileRef = 418C44FC1AF49EEC00A398AD /* Main.storyboard */; };
		418C45001AF49EEC00A398AD /* Images.xcassets in Resources */ = {isa = PBXBuildFile; fileRef = 418C44FF1AF49EEC00A398AD /* Images.xcassets */; };
		418C45031AF49EEC00A398AD /* LaunchScreen.xib in Resources */ = {isa = PBXBuildFile; fileRef = 418C45011AF49EEC00A398AD /* LaunchScreen.xib */; };
		418C450F1AF49EEC00A398AD /* Emery360Tests.m in Sources */ = {isa = PBXBuildFile; fileRef = 418C450E1AF49EEC00A398AD /* Emery360Tests.m */; };
		418C45231AF49EF400A398AD /* InterfaceController.m in Sources */ = {isa = PBXBuildFile; fileRef = 418C45221AF49EF400A398AD /* InterfaceController.m */; };
		418C45261AF49EF400A398AD /* NotificationController.m in Sources */ = {isa = PBXBuildFile; fileRef = 418C45251AF49EF400A398AD /* NotificationController.m */; };
		418C45281AF49EF400A398AD /* Images.xcassets in Resources */ = {isa = PBXBuildFile; fileRef = 418C45271AF49EF400A398AD /* Images.xcassets */; };
		418C452C1AF49EF500A398AD /* Emery360 WatchKit App.app in Resources */ = {isa = PBXBuildFile; fileRef = 418C452B1AF49EF500A398AD /* Emery360 WatchKit App.app */; };
		418C45341AF49EF500A398AD /* Interface.storyboard in Resources */ = {isa = PBXBuildFile; fileRef = 418C45321AF49EF500A398AD /* Interface.storyboard */; };
		418C45361AF49EF500A398AD /* Images.xcassets in Resources */ = {isa = PBXBuildFile; fileRef = 418C45351AF49EF500A398AD /* Images.xcassets */; };
		418C45391AF49EF500A398AD /* Emery360 WatchKit Extension.appex in Embed App Extensions */ = {isa = PBXBuildFile; fileRef = 418C451C1AF49EF400A398AD /* Emery360 WatchKit Extension.appex */; settings = {ATTRIBUTES = (RemoveHeadersOnCopy, ); }; };
		4192E7BF1AF6FB280080423E /* SpecialSchedule.m in Sources */ = {isa = PBXBuildFile; fileRef = 4192E7BE1AF6FB280080423E /* SpecialSchedule.m */; };
/* End PBXBuildFile section */

/* Begin PBXContainerItemProxy section */
		418C45091AF49EEC00A398AD /* PBXContainerItemProxy */ = {
			isa = PBXContainerItemProxy;
			containerPortal = 418C44E71AF49EEC00A398AD /* Project object */;
			proxyType = 1;
			remoteGlobalIDString = 418C44EE1AF49EEC00A398AD;
			remoteInfo = Emery360;
		};
		418C452D1AF49EF500A398AD /* PBXContainerItemProxy */ = {
			isa = PBXContainerItemProxy;
			containerPortal = 418C44E71AF49EEC00A398AD /* Project object */;
			proxyType = 1;
			remoteGlobalIDString = 418C452A1AF49EF500A398AD;
			remoteInfo = "Emery360 WatchKit App";
		};
		418C45371AF49EF500A398AD /* PBXContainerItemProxy */ = {
			isa = PBXContainerItemProxy;
			containerPortal = 418C44E71AF49EEC00A398AD /* Project object */;
			proxyType = 1;
			remoteGlobalIDString = 418C451B1AF49EF400A398AD;
			remoteInfo = "Emery360 WatchKit Extension";
		};
/* End PBXContainerItemProxy section */

/* Begin PBXCopyFilesBuildPhase section */
		418C45401AF49EF500A398AD /* Embed App Extensions */ = {
			isa = PBXCopyFilesBuildPhase;
			buildActionMask = 2147483647;
			dstPath = "";
			dstSubfolderSpec = 13;
			files = (
				418C45391AF49EF500A398AD /* Emery360 WatchKit Extension.appex in Embed App Extensions */,
			);
			name = "Embed App Extensions";
			runOnlyForDeploymentPostprocessing = 0;
		};
/* End PBXCopyFilesBuildPhase section */

/* Begin PBXFileReference section */
		413E842B1AF4AB5100D42203 /* Emery360 WatchKit Extension-Bridging-Header.h */ = {isa = PBXFileReference; lastKnownFileType = sourcecode.c.h; path = "Emery360 WatchKit Extension-Bridging-Header.h"; sourceTree = "<group>"; };
		413E842E1AF4AC3200D42203 /* Emery360-Bridging-Header.h */ = {isa = PBXFileReference; lastKnownFileType = sourcecode.c.h; path = "Emery360-Bridging-Header.h"; sourceTree = "<group>"; };
		418C44EF1AF49EEC00A398AD /* Emery360.app */ = {isa = PBXFileReference; explicitFileType = wrapper.application; includeInIndex = 0; path = Emery360.app; sourceTree = BUILT_PRODUCTS_DIR; };
		418C44F31AF49EEC00A398AD /* Info.plist */ = {isa = PBXFileReference; lastKnownFileType = text.plist.xml; path = Info.plist; sourceTree = "<group>"; };
		418C44F41AF49EEC00A398AD /* main.m */ = {isa = PBXFileReference; lastKnownFileType = sourcecode.c.objc; path = main.m; sourceTree = "<group>"; };
		418C44F61AF49EEC00A398AD /* AppDelegate.h */ = {isa = PBXFileReference; lastKnownFileType = sourcecode.c.h; path = AppDelegate.h; sourceTree = "<group>"; };
		418C44F71AF49EEC00A398AD /* AppDelegate.m */ = {isa = PBXFileReference; lastKnownFileType = sourcecode.c.objc; path = AppDelegate.m; sourceTree = "<group>"; };
		418C44F91AF49EEC00A398AD /* ViewController.h */ = {isa = PBXFileReference; lastKnownFileType = sourcecode.c.h; path = ViewController.h; sourceTree = "<group>"; };
		418C44FA1AF49EEC00A398AD /* ViewController.m */ = {isa = PBXFileReference; lastKnownFileType = sourcecode.c.objc; path = ViewController.m; sourceTree = "<group>"; };
		418C44FD1AF49EEC00A398AD /* Base */ = {isa = PBXFileReference; lastKnownFileType = file.storyboard; name = Base; path = Base.lproj/Main.storyboard; sourceTree = "<group>"; };
		418C44FF1AF49EEC00A398AD /* Images.xcassets */ = {isa = PBXFileReference; lastKnownFileType = folder.assetcatalog; path = Images.xcassets; sourceTree = "<group>"; };
		418C45021AF49EEC00A398AD /* Base */ = {isa = PBXFileReference; lastKnownFileType = file.xib; name = Base; path = Base.lproj/LaunchScreen.xib; sourceTree = "<group>"; };
		418C45081AF49EEC00A398AD /* Emery360Tests.xctest */ = {isa = PBXFileReference; explicitFileType = wrapper.cfbundle; includeInIndex = 0; path = Emery360Tests.xctest; sourceTree = BUILT_PRODUCTS_DIR; };
		418C450D1AF49EEC00A398AD /* Info.plist */ = {isa = PBXFileReference; lastKnownFileType = text.plist.xml; path = Info.plist; sourceTree = "<group>"; };
		418C450E1AF49EEC00A398AD /* Emery360Tests.m */ = {isa = PBXFileReference; lastKnownFileType = sourcecode.c.objc; path = Emery360Tests.m; sourceTree = "<group>"; };
		418C451C1AF49EF400A398AD /* Emery360 WatchKit Extension.appex */ = {isa = PBXFileReference; explicitFileType = "wrapper.app-extension"; includeInIndex = 0; path = "Emery360 WatchKit Extension.appex"; sourceTree = BUILT_PRODUCTS_DIR; };
		418C451F1AF49EF400A398AD /* Info.plist */ = {isa = PBXFileReference; lastKnownFileType = text.plist.xml; path = Info.plist; sourceTree = "<group>"; };
		418C45201AF49EF400A398AD /* PushNotificationPayload.apns */ = {isa = PBXFileReference; lastKnownFileType = text; path = PushNotificationPayload.apns; sourceTree = "<group>"; };
		418C45211AF49EF400A398AD /* InterfaceController.h */ = {isa = PBXFileReference; lastKnownFileType = sourcecode.c.h; path = InterfaceController.h; sourceTree = "<group>"; };
		418C45221AF49EF400A398AD /* InterfaceController.m */ = {isa = PBXFileReference; lastKnownFileType = sourcecode.c.objc; path = InterfaceController.m; sourceTree = "<group>"; };
		418C45241AF49EF400A398AD /* NotificationController.h */ = {isa = PBXFileReference; lastKnownFileType = sourcecode.c.h; path = NotificationController.h; sourceTree = "<group>"; };
		418C45251AF49EF400A398AD /* NotificationController.m */ = {isa = PBXFileReference; lastKnownFileType = sourcecode.c.objc; path = NotificationController.m; sourceTree = "<group>"; };
		418C45271AF49EF400A398AD /* Images.xcassets */ = {isa = PBXFileReference; lastKnownFileType = folder.assetcatalog; path = Images.xcassets; sourceTree = "<group>"; };
		418C452B1AF49EF500A398AD /* Emery360 WatchKit App.app */ = {isa = PBXFileReference; explicitFileType = wrapper.application; includeInIndex = 0; path = "Emery360 WatchKit App.app"; sourceTree = BUILT_PRODUCTS_DIR; };
		418C45311AF49EF500A398AD /* Info.plist */ = {isa = PBXFileReference; lastKnownFileType = text.plist.xml; path = Info.plist; sourceTree = "<group>"; };
		418C45331AF49EF500A398AD /* Base */ = {isa = PBXFileReference; lastKnownFileType = file.storyboard; name = Base; path = Base.lproj/Interface.storyboard; sourceTree = "<group>"; };
		418C45351AF49EF500A398AD /* Images.xcassets */ = {isa = PBXFileReference; lastKnownFileType = folder.assetcatalog; path = Images.xcassets; sourceTree = "<group>"; };
		4192E7BD1AF6FB280080423E /* SpecialSchedule.h */ = {isa = PBXFileReference; fileEncoding = 4; lastKnownFileType = sourcecode.c.h; path = SpecialSchedule.h; sourceTree = "<group>"; };
		4192E7BE1AF6FB280080423E /* SpecialSchedule.m */ = {isa = PBXFileReference; fileEncoding = 4; lastKnownFileType = sourcecode.c.objc; path = SpecialSchedule.m; sourceTree = "<group>"; };
/* End PBXFileReference section */

/* Begin PBXFrameworksBuildPhase section */
		418C44EC1AF49EEC00A398AD /* Frameworks */ = {
			isa = PBXFrameworksBuildPhase;
			buildActionMask = 2147483647;
			files = (
			);
			runOnlyForDeploymentPostprocessing = 0;
		};
		418C45051AF49EEC00A398AD /* Frameworks */ = {
			isa = PBXFrameworksBuildPhase;
			buildActionMask = 2147483647;
			files = (
			);
			runOnlyForDeploymentPostprocessing = 0;
		};
		418C45191AF49EF400A398AD /* Frameworks */ = {
			isa = PBXFrameworksBuildPhase;
			buildActionMask = 2147483647;
			files = (
			);
			runOnlyForDeploymentPostprocessing = 0;
		};
/* End PBXFrameworksBuildPhase section */

/* Begin PBXGroup section */
		418C44E61AF49EEC00A398AD = {
			isa = PBXGroup;
			children = (
				418C44F11AF49EEC00A398AD /* Emery360 */,
				418C450B1AF49EEC00A398AD /* Emery360Tests */,
				418C451D1AF49EF400A398AD /* Emery360 WatchKit Extension */,
				418C452F1AF49EF500A398AD /* Emery360 WatchKit App */,
				418C44F01AF49EEC00A398AD /* Products */,
			);
			sourceTree = "<group>";
		};
		418C44F01AF49EEC00A398AD /* Products */ = {
			isa = PBXGroup;
			children = (
				418C44EF1AF49EEC00A398AD /* Emery360.app */,
				418C45081AF49EEC00A398AD /* Emery360Tests.xctest */,
				418C451C1AF49EF400A398AD /* Emery360 WatchKit Extension.appex */,
				418C452B1AF49EF500A398AD /* Emery360 WatchKit App.app */,
			);
			name = Products;
			sourceTree = "<group>";
		};
		418C44F11AF49EEC00A398AD /* Emery360 */ = {
			isa = PBXGroup;
			children = (
				418C44F61AF49EEC00A398AD /* AppDelegate.h */,
				418C44F71AF49EEC00A398AD /* AppDelegate.m */,
				418C44F91AF49EEC00A398AD /* ViewController.h */,
				418C44FA1AF49EEC00A398AD /* ViewController.m */,
				418C44FC1AF49EEC00A398AD /* Main.storyboard */,
				418C44FF1AF49EEC00A398AD /* Images.xcassets */,
				418C45011AF49EEC00A398AD /* LaunchScreen.xib */,
				418C44F21AF49EEC00A398AD /* Supporting Files */,
				413E842E1AF4AC3200D42203 /* Emery360-Bridging-Header.h */,
			);
			path = Emery360;
			sourceTree = "<group>";
		};
		418C44F21AF49EEC00A398AD /* Supporting Files */ = {
			isa = PBXGroup;
			children = (
				418C44F31AF49EEC00A398AD /* Info.plist */,
				418C44F41AF49EEC00A398AD /* main.m */,
			);
			name = "Supporting Files";
			sourceTree = "<group>";
		};
		418C450B1AF49EEC00A398AD /* Emery360Tests */ = {
			isa = PBXGroup;
			children = (
				418C450E1AF49EEC00A398AD /* Emery360Tests.m */,
				418C450C1AF49EEC00A398AD /* Supporting Files */,
			);
			path = Emery360Tests;
			sourceTree = "<group>";
		};
		418C450C1AF49EEC00A398AD /* Supporting Files */ = {
			isa = PBXGroup;
			children = (
				418C450D1AF49EEC00A398AD /* Info.plist */,
			);
			name = "Supporting Files";
			sourceTree = "<group>";
		};
		418C451D1AF49EF400A398AD /* Emery360 WatchKit Extension */ = {
			isa = PBXGroup;
			children = (
				418C45211AF49EF400A398AD /* InterfaceController.h */,
				418C45221AF49EF400A398AD /* InterfaceController.m */,
				4192E7BD1AF6FB280080423E /* SpecialSchedule.h */,
				4192E7BE1AF6FB280080423E /* SpecialSchedule.m */,
				418C45241AF49EF400A398AD /* NotificationController.h */,
				418C45251AF49EF400A398AD /* NotificationController.m */,
				418C45271AF49EF400A398AD /* Images.xcassets */,
				418C451E1AF49EF400A398AD /* Supporting Files */,
				413E842B1AF4AB5100D42203 /* Emery360 WatchKit Extension-Bridging-Header.h */,
			);
			path = "Emery360 WatchKit Extension";
			sourceTree = "<group>";
		};
		418C451E1AF49EF400A398AD /* Supporting Files */ = {
			isa = PBXGroup;
			children = (
				418C451F1AF49EF400A398AD /* Info.plist */,
				418C45201AF49EF400A398AD /* PushNotificationPayload.apns */,
			);
			name = "Supporting Files";
			sourceTree = "<group>";
		};
		418C452F1AF49EF500A398AD /* Emery360 WatchKit App */ = {
			isa = PBXGroup;
			children = (
				418C45321AF49EF500A398AD /* Interface.storyboard */,
				418C45351AF49EF500A398AD /* Images.xcassets */,
				418C45301AF49EF500A398AD /* Supporting Files */,
			);
			path = "Emery360 WatchKit App";
			sourceTree = "<group>";
		};
		418C45301AF49EF500A398AD /* Supporting Files */ = {
			isa = PBXGroup;
			children = (
				418C45311AF49EF500A398AD /* Info.plist */,
			);
			name = "Supporting Files";
			sourceTree = "<group>";
		};
/* End PBXGroup section */

/* Begin PBXNativeTarget section */
		418C44EE1AF49EEC00A398AD /* Emery360 */ = {
			isa = PBXNativeTarget;
			buildConfigurationList = 418C45121AF49EEC00A398AD /* Build configuration list for PBXNativeTarget "Emery360" */;
			buildPhases = (
				418C44EB1AF49EEC00A398AD /* Sources */,
				418C44EC1AF49EEC00A398AD /* Frameworks */,
				418C44ED1AF49EEC00A398AD /* Resources */,
				418C45401AF49EF500A398AD /* Embed App Extensions */,
			);
			buildRules = (
			);
			dependencies = (
				418C45381AF49EF500A398AD /* PBXTargetDependency */,
			);
			name = Emery360;
			productName = Emery360;
			productReference = 418C44EF1AF49EEC00A398AD /* Emery360.app */;
			productType = "com.apple.product-type.application";
		};
		418C45071AF49EEC00A398AD /* Emery360Tests */ = {
			isa = PBXNativeTarget;
			buildConfigurationList = 418C45151AF49EEC00A398AD /* Build configuration list for PBXNativeTarget "Emery360Tests" */;
			buildPhases = (
				418C45041AF49EEC00A398AD /* Sources */,
				418C45051AF49EEC00A398AD /* Frameworks */,
				418C45061AF49EEC00A398AD /* Resources */,
			);
			buildRules = (
			);
			dependencies = (
				418C450A1AF49EEC00A398AD /* PBXTargetDependency */,
			);
			name = Emery360Tests;
			productName = Emery360Tests;
			productReference = 418C45081AF49EEC00A398AD /* Emery360Tests.xctest */;
			productType = "com.apple.product-type.bundle.unit-test";
		};
		418C451B1AF49EF400A398AD /* Emery360 WatchKit Extension */ = {
			isa = PBXNativeTarget;
			buildConfigurationList = 418C453D1AF49EF500A398AD /* Build configuration list for PBXNativeTarget "Emery360 WatchKit Extension" */;
			buildPhases = (
				418C45181AF49EF400A398AD /* Sources */,
				418C45191AF49EF400A398AD /* Frameworks */,
				418C451A1AF49EF400A398AD /* Resources */,
			);
			buildRules = (
			);
			dependencies = (
				418C452E1AF49EF500A398AD /* PBXTargetDependency */,
			);
			name = "Emery360 WatchKit Extension";
			productName = "Emery360 WatchKit Extension";
			productReference = 418C451C1AF49EF400A398AD /* Emery360 WatchKit Extension.appex */;
			productType = "com.apple.product-type.watchkit-extension";
		};
		418C452A1AF49EF500A398AD /* Emery360 WatchKit App */ = {
			isa = PBXNativeTarget;
			buildConfigurationList = 418C453A1AF49EF500A398AD /* Build configuration list for PBXNativeTarget "Emery360 WatchKit App" */;
			buildPhases = (
				418C45291AF49EF500A398AD /* Resources */,
			);
			buildRules = (
			);
			dependencies = (
			);
			name = "Emery360 WatchKit App";
			productName = "Emery360 WatchKit App";
			productReference = 418C452B1AF49EF500A398AD /* Emery360 WatchKit App.app */;
			productType = "com.apple.product-type.application.watchapp";
		};
/* End PBXNativeTarget section */

/* Begin PBXProject section */
		418C44E71AF49EEC00A398AD /* Project object */ = {
			isa = PBXProject;
			attributes = {
				LastUpgradeCheck = 0630;
				ORGANIZATIONNAME = "Adam Davis";
				TargetAttributes = {
					418C44EE1AF49EEC00A398AD = {
						CreatedOnToolsVersion = 6.3.1;
					};
					418C45071AF49EEC00A398AD = {
						CreatedOnToolsVersion = 6.3.1;
						TestTargetID = 418C44EE1AF49EEC00A398AD;
					};
					418C451B1AF49EF400A398AD = {
						CreatedOnToolsVersion = 6.3.1;
					};
					418C452A1AF49EF500A398AD = {
						CreatedOnToolsVersion = 6.3.1;
					};
				};
			};
			buildConfigurationList = 418C44EA1AF49EEC00A398AD /* Build configuration list for PBXProject "Emery360" */;
			compatibilityVersion = "Xcode 3.2";
			developmentRegion = English;
			hasScannedForEncodings = 0;
			knownRegions = (
				en,
				Base,
			);
			mainGroup = 418C44E61AF49EEC00A398AD;
			productRefGroup = 418C44F01AF49EEC00A398AD /* Products */;
			projectDirPath = "";
			projectRoot = "";
			targets = (
				418C44EE1AF49EEC00A398AD /* Emery360 */,
				418C45071AF49EEC00A398AD /* Emery360Tests */,
				418C451B1AF49EF400A398AD /* Emery360 WatchKit Extension */,
				418C452A1AF49EF500A398AD /* Emery360 WatchKit App */,
			);
		};
/* End PBXProject section */

/* Begin PBXResourcesBuildPhase section */
		418C44ED1AF49EEC00A398AD /* Resources */ = {
			isa = PBXResourcesBuildPhase;
			buildActionMask = 2147483647;
			files = (
				418C44FE1AF49EEC00A398AD /* Main.storyboard in Resources */,
				418C45031AF49EEC00A398AD /* LaunchScreen.xib in Resources */,
				418C45001AF49EEC00A398AD /* Images.xcassets in Resources */,
			);
			runOnlyForDeploymentPostprocessing = 0;
		};
		418C45061AF49EEC00A398AD /* Resources */ = {
			isa = PBXResourcesBuildPhase;
			buildActionMask = 2147483647;
			files = (
			);
			runOnlyForDeploymentPostprocessing = 0;
		};
		418C451A1AF49EF400A398AD /* Resources */ = {
			isa = PBXResourcesBuildPhase;
			buildActionMask = 2147483647;
			files = (
				418C45281AF49EF400A398AD /* Images.xcassets in Resources */,
				418C452C1AF49EF500A398AD /* Emery360 WatchKit App.app in Resources */,
			);
			runOnlyForDeploymentPostprocessing = 0;
		};
		418C45291AF49EF500A398AD /* Resources */ = {
			isa = PBXResourcesBuildPhase;
			buildActionMask = 2147483647;
			files = (
				418C45341AF49EF500A398AD /* Interface.storyboard in Resources */,
				418C45361AF49EF500A398AD /* Images.xcassets in Resources */,
			);
			runOnlyForDeploymentPostprocessing = 0;
		};
/* End PBXResourcesBuildPhase section */

/* Begin PBXSourcesBuildPhase section */
		418C44EB1AF49EEC00A398AD /* Sources */ = {
			isa = PBXSourcesBuildPhase;
			buildActionMask = 2147483647;
			files = (
				418C44FB1AF49EEC00A398AD /* ViewController.m in Sources */,
				418C44F81AF49EEC00A398AD /* AppDelegate.m in Sources */,
				418C44F51AF49EEC00A398AD /* main.m in Sources */,
			);
			runOnlyForDeploymentPostprocessing = 0;
		};
		418C45041AF49EEC00A398AD /* Sources */ = {
			isa = PBXSourcesBuildPhase;
			buildActionMask = 2147483647;
			files = (
				418C450F1AF49EEC00A398AD /* Emery360Tests.m in Sources */,
			);
			runOnlyForDeploymentPostprocessing = 0;
		};
		418C45181AF49EF400A398AD /* Sources */ = {
			isa = PBXSourcesBuildPhase;
			buildActionMask = 2147483647;
			files = (
				418C45261AF49EF400A398AD /* NotificationController.m in Sources */,
				418C45231AF49EF400A398AD /* InterfaceController.m in Sources */,
				4192E7BF1AF6FB280080423E /* SpecialSchedule.m in Sources */,
			);
			runOnlyForDeploymentPostprocessing = 0;
		};
/* End PBXSourcesBuildPhase section */

/* Begin PBXTargetDependency section */
		418C450A1AF49EEC00A398AD /* PBXTargetDependency */ = {
			isa = PBXTargetDependency;
			target = 418C44EE1AF49EEC00A398AD /* Emery360 */;
			targetProxy = 418C45091AF49EEC00A398AD /* PBXContainerItemProxy */;
		};
		418C452E1AF49EF500A398AD /* PBXTargetDependency */ = {
			isa = PBXTargetDependency;
			target = 418C452A1AF49EF500A398AD /* Emery360 WatchKit App */;
			targetProxy = 418C452D1AF49EF500A398AD /* PBXContainerItemProxy */;
		};
		418C45381AF49EF500A398AD /* PBXTargetDependency */ = {
			isa = PBXTargetDependency;
			target = 418C451B1AF49EF400A398AD /* Emery360 WatchKit Extension */;
			targetProxy = 418C45371AF49EF500A398AD /* PBXContainerItemProxy */;
		};
/* End PBXTargetDependency section */

/* Begin PBXVariantGroup section */
		418C44FC1AF49EEC00A398AD /* Main.storyboard */ = {
			isa = PBXVariantGroup;
			children = (
				418C44FD1AF49EEC00A398AD /* Base */,
			);
			name = Main.storyboard;
			sourceTree = "<group>";
		};
		418C45011AF49EEC00A398AD /* LaunchScreen.xib */ = {
			isa = PBXVariantGroup;
			children = (
				418C45021AF49EEC00A398AD /* Base */,
			);
			name = LaunchScreen.xib;
			sourceTree = "<group>";
		};
		418C45321AF49EF500A398AD /* Interface.storyboard */ = {
			isa = PBXVariantGroup;
			children = (
				418C45331AF49EF500A398AD /* Base */,
			);
			name = Interface.storyboard;
			sourceTree = "<group>";
		};
/* End PBXVariantGroup section */

/* Begin XCBuildConfiguration section */
		418C45101AF49EEC00A398AD /* Debug */ = {
			isa = XCBuildConfiguration;
			buildSettings = {
				ALWAYS_SEARCH_USER_PATHS = NO;
				CLANG_CXX_LANGUAGE_STANDARD = "gnu++0x";
				CLANG_CXX_LIBRARY = "libc++";
				CLANG_ENABLE_MODULES = YES;
				CLANG_ENABLE_OBJC_ARC = YES;
				CLANG_WARN_BOOL_CONVERSION = YES;
				CLANG_WARN_CONSTANT_CONVERSION = YES;
				CLANG_WARN_DIRECT_OBJC_ISA_USAGE = YES_ERROR;
				CLANG_WARN_EMPTY_BODY = YES;
				CLANG_WARN_ENUM_CONVERSION = YES;
				CLANG_WARN_INT_CONVERSION = YES;
				CLANG_WARN_OBJC_ROOT_CLASS = YES_ERROR;
				CLANG_WARN_UNREACHABLE_CODE = YES;
				CLANG_WARN__DUPLICATE_METHOD_MATCH = YES;
				"CODE_SIGN_IDENTITY[sdk=iphoneos*]" = "iPhone Developer";
				COPY_PHASE_STRIP = NO;
				DEBUG_INFORMATION_FORMAT = "dwarf-with-dsym";
				ENABLE_STRICT_OBJC_MSGSEND = YES;
				GCC_C_LANGUAGE_STANDARD = gnu99;
				GCC_DYNAMIC_NO_PIC = NO;
				GCC_NO_COMMON_BLOCKS = YES;
				GCC_OPTIMIZATION_LEVEL = 0;
				GCC_PREPROCESSOR_DEFINITIONS = (
					"DEBUG=1",
					"$(inherited)",
				);
				GCC_SYMBOLS_PRIVATE_EXTERN = NO;
				GCC_WARN_64_TO_32_BIT_CONVERSION = YES;
				GCC_WARN_ABOUT_RETURN_TYPE = YES_ERROR;
				GCC_WARN_UNDECLARED_SELECTOR = YES;
				GCC_WARN_UNINITIALIZED_AUTOS = YES_AGGRESSIVE;
				GCC_WARN_UNUSED_FUNCTION = YES;
				GCC_WARN_UNUSED_VARIABLE = YES;
				IPHONEOS_DEPLOYMENT_TARGET = 8.3;
				MTL_ENABLE_DEBUG_INFO = YES;
				ONLY_ACTIVE_ARCH = YES;
				SDKROOT = iphoneos;
				TARGETED_DEVICE_FAMILY = "1,2";
			};
			name = Debug;
		};
		418C45111AF49EEC00A398AD /* Release */ = {
			isa = XCBuildConfiguration;
			buildSettings = {
				ALWAYS_SEARCH_USER_PATHS = NO;
				CLANG_CXX_LANGUAGE_STANDARD = "gnu++0x";
				CLANG_CXX_LIBRARY = "libc++";
				CLANG_ENABLE_MODULES = YES;
				CLANG_ENABLE_OBJC_ARC = YES;
				CLANG_WARN_BOOL_CONVERSION = YES;
				CLANG_WARN_CONSTANT_CONVERSION = YES;
				CLANG_WARN_DIRECT_OBJC_ISA_USAGE = YES_ERROR;
				CLANG_WARN_EMPTY_BODY = YES;
				CLANG_WARN_ENUM_CONVERSION = YES;
				CLANG_WARN_INT_CONVERSION = YES;
				CLANG_WARN_OBJC_ROOT_CLASS = YES_ERROR;
				CLANG_WARN_UNREACHABLE_CODE = YES;
				CLANG_WARN__DUPLICATE_METHOD_MATCH = YES;
				"CODE_SIGN_IDENTITY[sdk=iphoneos*]" = "iPhone Developer";
				COPY_PHASE_STRIP = NO;
				DEBUG_INFORMATION_FORMAT = "dwarf-with-dsym";
				ENABLE_NS_ASSERTIONS = NO;
				ENABLE_STRICT_OBJC_MSGSEND = YES;
				GCC_C_LANGUAGE_STANDARD = gnu99;
				GCC_NO_COMMON_BLOCKS = YES;
				GCC_WARN_64_TO_32_BIT_CONVERSION = YES;
				GCC_WARN_ABOUT_RETURN_TYPE = YES_ERROR;
				GCC_WARN_UNDECLARED_SELECTOR = YES;
				GCC_WARN_UNINITIALIZED_AUTOS = YES_AGGRESSIVE;
				GCC_WARN_UNUSED_FUNCTION = YES;
				GCC_WARN_UNUSED_VARIABLE = YES;
				IPHONEOS_DEPLOYMENT_TARGET = 8.3;
				MTL_ENABLE_DEBUG_INFO = NO;
				SDKROOT = iphoneos;
				TARGETED_DEVICE_FAMILY = "1,2";
				VALIDATE_PRODUCT = YES;
			};
			name = Release;
		};
		418C45131AF49EEC00A398AD /* Debug */ = {
			isa = XCBuildConfiguration;
			buildSettings = {
				ASSETCATALOG_COMPILER_APPICON_NAME = AppIcon;
				CLANG_ENABLE_MODULES = YES;
				INFOPLIST_FILE = Emery360/Info.plist;
				LD_RUNPATH_SEARCH_PATHS = "$(inherited) @executable_path/Frameworks";
				PRODUCT_NAME = "$(TARGET_NAME)";
				SWIFT_OBJC_BRIDGING_HEADER = "Emery360/Emery360-Bridging-Header.h";
				SWIFT_OPTIMIZATION_LEVEL = "-Onone";
			};
			name = Debug;
		};
		418C45141AF49EEC00A398AD /* Release */ = {
			isa = XCBuildConfiguration;
			buildSettings = {
				ASSETCATALOG_COMPILER_APPICON_NAME = AppIcon;
				CLANG_ENABLE_MODULES = YES;
				INFOPLIST_FILE = Emery360/Info.plist;
				LD_RUNPATH_SEARCH_PATHS = "$(inherited) @executable_path/Frameworks";
				PRODUCT_NAME = "$(TARGET_NAME)";
				SWIFT_OBJC_BRIDGING_HEADER = "Emery360/Emery360-Bridging-Header.h";
			};
			name = Release;
		};
		418C45161AF49EEC00A398AD /* Debug */ = {
			isa = XCBuildConfiguration;
			buildSettings = {
				BUNDLE_LOADER = "$(TEST_HOST)";
				FRAMEWORK_SEARCH_PATHS = (
					"$(SDKROOT)/Developer/Library/Frameworks",
					"$(inherited)",
				);
				GCC_PREPROCESSOR_DEFINITIONS = (
					"DEBUG=1",
					"$(inherited)",
				);
				INFOPLIST_FILE = Emery360Tests/Info.plist;
				LD_RUNPATH_SEARCH_PATHS = "$(inherited) @executable_path/Frameworks @loader_path/Frameworks";
				PRODUCT_NAME = "$(TARGET_NAME)";
				TEST_HOST = "$(BUILT_PRODUCTS_DIR)/Emery360.app/Emery360";
			};
			name = Debug;
		};
		418C45171AF49EEC00A398AD /* Release */ = {
			isa = XCBuildConfiguration;
			buildSettings = {
				BUNDLE_LOADER = "$(TEST_HOST)";
				FRAMEWORK_SEARCH_PATHS = (
					"$(SDKROOT)/Developer/Library/Frameworks",
					"$(inherited)",
				);
				INFOPLIST_FILE = Emery360Tests/Info.plist;
				LD_RUNPATH_SEARCH_PATHS = "$(inherited) @executable_path/Frameworks @loader_path/Frameworks";
				PRODUCT_NAME = "$(TARGET_NAME)";
				TEST_HOST = "$(BUILT_PRODUCTS_DIR)/Emery360.app/Emery360";
			};
			name = Release;
		};
		418C453B1AF49EF500A398AD /* Debug */ = {
			isa = XCBuildConfiguration;
			buildSettings = {
				ASSETCATALOG_COMPILER_APPICON_NAME = AppIcon;
				GCC_PREPROCESSOR_DEFINITIONS = (
					"DEBUG=1",
					"$(inherited)",
				);
				IBSC_MODULE = Emery360_WatchKit_Extension;
				INFOPLIST_FILE = "Emery360 WatchKit App/Info.plist";
				IPHONEOS_DEPLOYMENT_TARGET = 8.2;
				PRODUCT_NAME = "$(TARGET_NAME)";
				SKIP_INSTALL = YES;
				TARGETED_DEVICE_FAMILY = 4;
				"TARGETED_DEVICE_FAMILY[sdk=iphonesimulator*]" = "1,4";
			};
			name = Debug;
		};
		418C453C1AF49EF500A398AD /* Release */ = {
			isa = XCBuildConfiguration;
			buildSettings = {
				ASSETCATALOG_COMPILER_APPICON_NAME = AppIcon;
				IBSC_MODULE = Emery360_WatchKit_Extension;
				INFOPLIST_FILE = "Emery360 WatchKit App/Info.plist";
				IPHONEOS_DEPLOYMENT_TARGET = 8.2;
				PRODUCT_NAME = "$(TARGET_NAME)";
				SKIP_INSTALL = YES;
				TARGETED_DEVICE_FAMILY = 4;
				"TARGETED_DEVICE_FAMILY[sdk=iphonesimulator*]" = "1,4";
			};
			name = Release;
		};
		418C453E1AF49EF500A398AD /* Debug */ = {
			isa = XCBuildConfiguration;
			buildSettings = {
				CLANG_ENABLE_MODULES = YES;
				GCC_PREPROCESSOR_DEFINITIONS = (
					"DEBUG=1",
					"$(inherited)",
				);
				INFOPLIST_FILE = "Emery360 WatchKit Extension/Info.plist";
				LD_RUNPATH_SEARCH_PATHS = "$(inherited) @executable_path/Frameworks @executable_path/../../Frameworks";
				PRODUCT_NAME = "${TARGET_NAME}";
				SKIP_INSTALL = YES;
				SWIFT_OBJC_BRIDGING_HEADER = "Emery360 WatchKit Extension/Emery360 WatchKit Extension-Bridging-Header.h";
				SWIFT_OPTIMIZATION_LEVEL = "-Onone";
			};
			name = Debug;
		};
		418C453F1AF49EF500A398AD /* Release */ = {
			isa = XCBuildConfiguration;
			buildSettings = {
				CLANG_ENABLE_MODULES = YES;
				INFOPLIST_FILE = "Emery360 WatchKit Extension/Info.plist";
				LD_RUNPATH_SEARCH_PATHS = "$(inherited) @executable_path/Frameworks @executable_path/../../Frameworks";
				PRODUCT_NAME = "${TARGET_NAME}";
				SKIP_INSTALL = YES;
				SWIFT_OBJC_BRIDGING_HEADER = "Emery360 WatchKit Extension/Emery360 WatchKit Extension-Bridging-Header.h";
			};
			name = Release;
		};
/* End XCBuildConfiguration section */

/* Begin XCConfigurationList section */
		418C44EA1AF49EEC00A398AD /* Build configuration list for PBXProject "Emery360" */ = {
			isa = XCConfigurationList;
			buildConfigurations = (
				418C45101AF49EEC00A398AD /* Debug */,
				418C45111AF49EEC00A398AD /* Release */,
			);
			defaultConfigurationIsVisible = 0;
			defaultConfigurationName = Release;
		};
		418C45121AF49EEC00A398AD /* Build configuration list for PBXNativeTarget "Emery360" */ = {
			isa = XCConfigurationList;
			buildConfigurations = (
				418C45131AF49EEC00A398AD /* Debug */,
				418C45141AF49EEC00A398AD /* Release */,
			);
			defaultConfigurationIsVisible = 0;
			defaultConfigurationName = Release;
		};
		418C45151AF49EEC00A398AD /* Build configuration list for PBXNativeTarget "Emery360Tests" */ = {
			isa = XCConfigurationList;
			buildConfigurations = (
				418C45161AF49EEC00A398AD /* Debug */,
				418C45171AF49EEC00A398AD /* Release */,
			);
			defaultConfigurationIsVisible = 0;
			defaultConfigurationName = Release;
		};
		418C453A1AF49EF500A398AD /* Build configuration list for PBXNativeTarget "Emery360 WatchKit App" */ = {
			isa = XCConfigurationList;
			buildConfigurations = (
				418C453B1AF49EF500A398AD /* Debug */,
				418C453C1AF49EF500A398AD /* Release */,
			);
			defaultConfigurationIsVisible = 0;
			defaultConfigurationName = Release;
		};
		418C453D1AF49EF500A398AD /* Build configuration list for PBXNativeTarget "Emery360 WatchKit Extension" */ = {
			isa = XCConfigurationList;
			buildConfigurations = (
				418C453E1AF49EF500A398AD /* Debug */,
				418C453F1AF49EF500A398AD /* Release */,
			);
			defaultConfigurationIsVisible = 0;
			defaultConfigurationName = Release;
		};
/* End XCConfigurationList section */
	};
	rootObject = 418C44E71AF49EEC00A398AD /* Project object */;
}
